
Microsoft Visual Studio Solution File, Format Version 12.00
# Visual Studio Version 17
VisualStudioVersion = 17.3.32819.101
MinimumVisualStudioVersion = 10.0.40219.1
Project("{FAE04EC0-301F-11D3-BF4B-00C04F79EFBC}") = "APIProject", "APIProject\APIProject.csproj", "{3737CEF4-104C-4CBA-A1B3-852D7A5EA999}"
EndProject
Global
	GlobalSection(SolutionConfigurationPlatforms) = preSolution
		Debug|Any CPU = Debug|Any CPU
		Release|Any CPU = Release|Any CPU
	EndGlobalSection
	GlobalSection(ProjectConfigurationPlatforms) = postSolution
		{3737CEF4-104C-4CBA-A1B3-852D7A5EA999}.Debug|Any CPU.ActiveCfg = Debug|Any CPU
		{3737CEF4-104C-4CBA-A1B3-852D7A5EA999}.Debug|Any CPU.Build.0 = Debug|Any CPU
		{3737CEF4-104C-4CBA-A1B3-852D7A5EA999}.Release|Any CPU.ActiveCfg = Release|Any CPU
		{3737CEF4-104C-4CBA-A1B3-852D7A5EA999}.Release|Any CPU.Build.0 = Release|Any CPU
	EndGlobalSection
	GlobalSection(SolutionProperties) = preSolution
		HideSolutionNode = FALSE
	EndGlobalSection
	GlobalSection(ExtensibilityGlobals) = postSolution
		SolutionGuid = {3439EA02-8518-4747-A702-A8E3719F64F4}
	EndGlobalSection
EndGlobal
